
Microsoft Visual Studio Solution File, Format Version 12.00
# Visual Studio Version 17
VisualStudioVersion = 17.9.34902.65
MinimumVisualStudioVersion = 10.0.40219.1
Project("{FAE04EC0-301F-11D3-BF4B-00C04F79EFBC}") = "TransportClassLibrary", "TransportClassLibrary.csproj", "{BD0ED2F9-9746-40AF-84F1-4114C689846C}"
EndProject
Project("{FAE04EC0-301F-11D3-BF4B-00C04F79EFBC}") = "TransportConsoleApp", "..\TransportConsoleApp\TransportConsoleApp.csproj", "{BD1E11B9-B838-437B-A9F7-AD23714DB6AC}"
EndProject
Project("{2150E333-8FDC-42A3-9474-1A3956D46DE8}") = "Solution Items", "Solution Items", "{E909B362-9B85-408D-AF34-BC4F9E04904D}"
	ProjectSection(SolutionItems) = preProject
		.gitignore = .gitignore
	EndProjectSection
EndProject
Project("{FAE04EC0-301F-11D3-BF4B-00C04F79EFBC}") = "TransportTest", "..\TransportTest\TransportTest.csproj", "{A3547F8C-30AB-4CE7-A548-70D6E338EC5D}"
EndProject
Global
	GlobalSection(SolutionConfigurationPlatforms) = preSolution
		Debug|Any CPU = Debug|Any CPU
		Release|Any CPU = Release|Any CPU
	EndGlobalSection
	GlobalSection(ProjectConfigurationPlatforms) = postSolution
		{BD0ED2F9-9746-40AF-84F1-4114C689846C}.Debug|Any CPU.ActiveCfg = Debug|Any CPU
		{BD0ED2F9-9746-40AF-84F1-4114C689846C}.Debug|Any CPU.Build.0 = Debug|Any CPU
		{BD0ED2F9-9746-40AF-84F1-4114C689846C}.Release|Any CPU.ActiveCfg = Release|Any CPU
		{BD0ED2F9-9746-40AF-84F1-4114C689846C}.Release|Any CPU.Build.0 = Release|Any CPU
		{BD1E11B9-B838-437B-A9F7-AD23714DB6AC}.Debug|Any CPU.ActiveCfg = Debug|Any CPU
		{BD1E11B9-B838-437B-A9F7-AD23714DB6AC}.Debug|Any CPU.Build.0 = Debug|Any CPU
		{BD1E11B9-B838-437B-A9F7-AD23714DB6AC}.Release|Any CPU.ActiveCfg = Release|Any CPU
		{BD1E11B9-B838-437B-A9F7-AD23714DB6AC}.Release|Any CPU.Build.0 = Release|Any CPU
		{A3547F8C-30AB-4CE7-A548-70D6E338EC5D}.Debug|Any CPU.ActiveCfg = Debug|Any CPU
		{A3547F8C-30AB-4CE7-A548-70D6E338EC5D}.Debug|Any CPU.Build.0 = Debug|Any CPU
		{A3547F8C-30AB-4CE7-A548-70D6E338EC5D}.Release|Any CPU.ActiveCfg = Release|Any CPU
		{A3547F8C-30AB-4CE7-A548-70D6E338EC5D}.Release|Any CPU.Build.0 = Release|Any CPU
	EndGlobalSection
	GlobalSection(SolutionProperties) = preSolution
		HideSolutionNode = FALSE
	EndGlobalSection
	GlobalSection(ExtensibilityGlobals) = postSolution
		SolutionGuid = {AC20384C-2473-4B6C-85B8-5051015125A4}
	EndGlobalSection
EndGlobal
